
Microsoft Visual Studio Solution File, Format Version 12.00
# Visual Studio 2013
VisualStudioVersion = 12.0.30723.0
MinimumVisualStudioVersion = 10.0.40219.1
Project("{8BC9CEB8-8B4A-11D0-8D11-00A0C91BC942}") = "MyLib", "MyLib\MyLib.vcxproj", "{061E9339-6AE7-4026-9C2C-2FD702566176}"
EndProject
Project("{8BC9CEB8-8B4A-11D0-8D11-00A0C91BC942}") = "TextView", "TextView\TextView.vcxproj", "{A8A19C77-5415-49B2-9736-5454CFC7DE0C}"
EndProject
Project("{FAE04EC0-301F-11D3-BF4B-00C04F79EFBC}") = "WindowsFormsApplication1", "WindowsFormsApplication1\WindowsFormsApplication1.csproj", "{AC93D165-D0B4-459C-AD2B-86603C8A04EA}"
	ProjectSection(ProjectDependencies) = postProject
		{43F3B9A4-8391-4A58-A8CE-94615B88496F} = {43F3B9A4-8391-4A58-A8CE-94615B88496F}
	EndProjectSection
EndProject
Project("{8BC9CEB8-8B4A-11D0-8D11-00A0C91BC942}") = "MnTextDotNet", "MnTextDotNet\MnTextDotNet.vcxproj", "{43F3B9A4-8391-4A58-A8CE-94615B88496F}"
EndProject
Global
	GlobalSection(SolutionConfigurationPlatforms) = preSolution
		Debug|Win32 = Debug|Win32
		Debug|x64 = Debug|x64
		Debug|x86 = Debug|x86
		Release|Win32 = Release|Win32
		Release|x64 = Release|x64
		Release|x86 = Release|x86
		Template|Win32 = Template|Win32
		Template|x64 = Template|x64
		Template|x86 = Template|x86
	EndGlobalSection
	GlobalSection(ProjectConfigurationPlatforms) = postSolution
		{061E9339-6AE7-4026-9C2C-2FD702566176}.Debug|Win32.ActiveCfg = Debug|Win32
		{061E9339-6AE7-4026-9C2C-2FD702566176}.Debug|Win32.Build.0 = Debug|Win32
		{061E9339-6AE7-4026-9C2C-2FD702566176}.Debug|x64.ActiveCfg = Debug|x64
		{061E9339-6AE7-4026-9C2C-2FD702566176}.Debug|x64.Build.0 = Debug|x64
		{061E9339-6AE7-4026-9C2C-2FD702566176}.Debug|x86.ActiveCfg = Debug|Win32
		{061E9339-6AE7-4026-9C2C-2FD702566176}.Debug|x86.Build.0 = Debug|Win32
		{061E9339-6AE7-4026-9C2C-2FD702566176}.Release|Win32.ActiveCfg = Release|Win32
		{061E9339-6AE7-4026-9C2C-2FD702566176}.Release|Win32.Build.0 = Release|Win32
		{061E9339-6AE7-4026-9C2C-2FD702566176}.Release|x64.ActiveCfg = Release|x64
		{061E9339-6AE7-4026-9C2C-2FD702566176}.Release|x64.Build.0 = Release|x64
		{061E9339-6AE7-4026-9C2C-2FD702566176}.Release|x86.ActiveCfg = Release|Win32
		{061E9339-6AE7-4026-9C2C-2FD702566176}.Release|x86.Build.0 = Release|Win32
		{061E9339-6AE7-4026-9C2C-2FD702566176}.Template|Win32.ActiveCfg = Release|Win32
		{061E9339-6AE7-4026-9C2C-2FD702566176}.Template|Win32.Build.0 = Release|Win32
		{061E9339-6AE7-4026-9C2C-2FD702566176}.Template|x64.ActiveCfg = Release|x64
		{061E9339-6AE7-4026-9C2C-2FD702566176}.Template|x64.Build.0 = Release|x64
		{061E9339-6AE7-4026-9C2C-2FD702566176}.Template|x86.ActiveCfg = Release|Win32
		{A8A19C77-5415-49B2-9736-5454CFC7DE0C}.Debug|Win32.ActiveCfg = Debug|Win32
		{A8A19C77-5415-49B2-9736-5454CFC7DE0C}.Debug|Win32.Build.0 = Debug|Win32
		{A8A19C77-5415-49B2-9736-5454CFC7DE0C}.Debug|x64.ActiveCfg = Debug|x64
		{A8A19C77-5415-49B2-9736-5454CFC7DE0C}.Debug|x64.Build.0 = Debug|x64
		{A8A19C77-5415-49B2-9736-5454CFC7DE0C}.Debug|x86.ActiveCfg = Debug|Win32
		{A8A19C77-5415-49B2-9736-5454CFC7DE0C}.Debug|x86.Build.0 = Debug|Win32
		{A8A19C77-5415-49B2-9736-5454CFC7DE0C}.Release|Win32.ActiveCfg = Release|Win32
		{A8A19C77-5415-49B2-9736-5454CFC7DE0C}.Release|Win32.Build.0 = Release|Win32
		{A8A19C77-5415-49B2-9736-5454CFC7DE0C}.Release|x64.ActiveCfg = Release|x64
		{A8A19C77-5415-49B2-9736-5454CFC7DE0C}.Release|x64.Build.0 = Release|x64
		{A8A19C77-5415-49B2-9736-5454CFC7DE0C}.Release|x86.ActiveCfg = Release|Win32
		{A8A19C77-5415-49B2-9736-5454CFC7DE0C}.Release|x86.Build.0 = Release|Win32
		{A8A19C77-5415-49B2-9736-5454CFC7DE0C}.Template|Win32.ActiveCfg = Template|Win32
		{A8A19C77-5415-49B2-9736-5454CFC7DE0C}.Template|Win32.Build.0 = Template|Win32
		{A8A19C77-5415-49B2-9736-5454CFC7DE0C}.Template|x64.ActiveCfg = Template|x64
		{A8A19C77-5415-49B2-9736-5454CFC7DE0C}.Template|x64.Build.0 = Template|x64
		{A8A19C77-5415-49B2-9736-5454CFC7DE0C}.Template|x86.ActiveCfg = Template|Win32
		{AC93D165-D0B4-459C-AD2B-86603C8A04EA}.Debug|Win32.ActiveCfg = Debug|x86
		{AC93D165-D0B4-459C-AD2B-86603C8A04EA}.Debug|x64.ActiveCfg = Debug|x64
		{AC93D165-D0B4-459C-AD2B-86603C8A04EA}.Debug|x64.Build.0 = Debug|x64
		{AC93D165-D0B4-459C-AD2B-86603C8A04EA}.Debug|x86.ActiveCfg = Debug|x86
		{AC93D165-D0B4-459C-AD2B-86603C8A04EA}.Debug|x86.Build.0 = Debug|x86
		{AC93D165-D0B4-459C-AD2B-86603C8A04EA}.Release|Win32.ActiveCfg = Release|x86
		{AC93D165-D0B4-459C-AD2B-86603C8A04EA}.Release|x64.ActiveCfg = Release|x64
		{AC93D165-D0B4-459C-AD2B-86603C8A04EA}.Release|x64.Build.0 = Release|x64
		{AC93D165-D0B4-459C-AD2B-86603C8A04EA}.Release|x86.ActiveCfg = Release|x86
		{AC93D165-D0B4-459C-AD2B-86603C8A04EA}.Release|x86.Build.0 = Release|x86
		{AC93D165-D0B4-459C-AD2B-86603C8A04EA}.Template|Win32.ActiveCfg = Release|x86
		{AC93D165-D0B4-459C-AD2B-86603C8A04EA}.Template|x64.ActiveCfg = Release|x64
		{AC93D165-D0B4-459C-AD2B-86603C8A04EA}.Template|x64.Build.0 = Release|x64
		{AC93D165-D0B4-459C-AD2B-86603C8A04EA}.Template|x86.ActiveCfg = Release|x86
		{AC93D165-D0B4-459C-AD2B-86603C8A04EA}.Template|x86.Build.0 = Release|x86
		{43F3B9A4-8391-4A58-A8CE-94615B88496F}.Debug|Win32.ActiveCfg = Debug|Win32
		{43F3B9A4-8391-4A58-A8CE-94615B88496F}.Debug|Win32.Build.0 = Debug|Win32
		{43F3B9A4-8391-4A58-A8CE-94615B88496F}.Debug|x64.ActiveCfg = Debug|x64
		{43F3B9A4-8391-4A58-A8CE-94615B88496F}.Debug|x64.Build.0 = Debug|x64
		{43F3B9A4-8391-4A58-A8CE-94615B88496F}.Debug|x86.ActiveCfg = Debug|Win32
		{43F3B9A4-8391-4A58-A8CE-94615B88496F}.Debug|x86.Build.0 = Debug|Win32
		{43F3B9A4-8391-4A58-A8CE-94615B88496F}.Release|Win32.ActiveCfg = Release|Win32
		{43F3B9A4-8391-4A58-A8CE-94615B88496F}.Release|Win32.Build.0 = Release|Win32
		{43F3B9A4-8391-4A58-A8CE-94615B88496F}.Release|x64.ActiveCfg = Release|x64
		{43F3B9A4-8391-4A58-A8CE-94615B88496F}.Release|x64.Build.0 = Release|x64
		{43F3B9A4-8391-4A58-A8CE-94615B88496F}.Release|x86.ActiveCfg = Release|Win32
		{43F3B9A4-8391-4A58-A8CE-94615B88496F}.Release|x86.Build.0 = Release|Win32
		{43F3B9A4-8391-4A58-A8CE-94615B88496F}.Template|Win32.ActiveCfg = Release|Win32
		{43F3B9A4-8391-4A58-A8CE-94615B88496F}.Template|Win32.Build.0 = Release|Win32
		{43F3B9A4-8391-4A58-A8CE-94615B88496F}.Template|x64.ActiveCfg = Release|x64
		{43F3B9A4-8391-4A58-A8CE-94615B88496F}.Template|x64.Build.0 = Release|x64
		{43F3B9A4-8391-4A58-A8CE-94615B88496F}.Template|x86.ActiveCfg = Release|Win32
		{43F3B9A4-8391-4A58-A8CE-94615B88496F}.Template|x86.Build.0 = Release|Win32
	EndGlobalSection
	GlobalSection(SolutionProperties) = preSolution
		HideSolutionNode = FALSE
	EndGlobalSection
EndGlobal
