<?xml version="1.0" encoding="utf-8"?>
<Project ToolsVersion="4.0" xmlns="http://schemas.microsoft.com/developer/msbuild/2003">
  <ItemGroup>
    <Filter Include="Source Files">
      <UniqueIdentifier>{16ee8eb9-7d55-4ba9-b365-b026e66774e0}</UniqueIdentifier>
      <Extensions>cpp;c;cxx;rc;def;r;odl;idl;hpj;bat</Extensions>
    </Filter>
    <Filter Include="Header Files">
      <UniqueIdentifier>{e21e9a47-d7a8-4ea7-8307-1f5247f47c14}</UniqueIdentifier>
      <Extensions>h;hpp;hxx;hm;inl</Extensions>
    </Filter>
  </ItemGroup>
  <ItemGroup>
    <ClCompile Include="MnTextView.cpp">
      <Filter>Source Files</Filter>
    </ClCompile>
    <ClCompile Include="MnTextView_MyCode.cpp">
      <Filter>Source Files</Filter>
    </ClCompile>
    <ClCompile Include="sequence.cpp">
      <Filter>Source Files</Filter>
    </ClCompile>
    <ClCompile Include="TextDocument.cpp">
      <Filter>Source Files</Filter>
    </ClCompile>
    <ClCompile Include="TextView.cpp">
      <Filter>Source Files</Filter>
    </ClCompile>
    <ClCompile Include="TextViewBase.cpp">
      <Filter>Source Files</Filter>
    </ClCompile>
    <ClCompile Include="TextViewBase_ClipBoard.cpp">
      <Filter>Source Files</Filter>
    </ClCompile>
    <ClCompile Include="Unicode.c">
      <Filter>Source Files</Filter>
    </ClCompile>
    <ClCompile Include="Convert.c">
      <Filter>Source Files</Filter>
    </ClCompile>
    <ClCompile Include="MDW.cpp">
      <Filter>Source Files</Filter>
    </ClCompile>
    <ClCompile Include="CmpIterator.cpp">
      <Filter>Source Files</Filter>
    </ClCompile>
    <ClCompile Include="MnCursor.cpp">
      <Filter>Source Files</Filter>
    </ClCompile>
    <ClCompile Include="MnWhite.cpp">
      <Filter>Source Files</Filter>
    </ClCompile>
    <ClCompile Include="MnStaticResource.cpp">
      <Filter>Source Files</Filter>
    </ClCompile>
    <ClCompile Include="MnTextView_EM_Handler.cpp">
      <Filter>Source Files</Filter>
    </ClCompile>
    <ClCompile Include="MnTextBoxApi.cpp">
      <Filter>Source Files</Filter>
    </ClCompile>
    <ClCompile Include="MnTextView_FindReplace.cpp">
      <Filter>Source Files</Filter>
    </ClCompile>
  </ItemGroup>
  <ItemGroup>
    <ClInclude Include="codepages.h">
      <Filter>Header Files</Filter>
    </ClInclude>
    <ClInclude Include="MnTextView.h">
      <Filter>Header Files</Filter>
    </ClInclude>
    <ClInclude Include="sequence.h">
      <Filter>Header Files</Filter>
    </ClInclude>
    <ClInclude Include="TextDocument.h">
      <Filter>Header Files</Filter>
    </ClInclude>
    <ClInclude Include="TextView.h">
      <Filter>Header Files</Filter>
    </ClInclude>
    <ClInclude Include="Unicode.h">
      <Filter>Header Files</Filter>
    </ClInclude>
    <ClInclude Include="MDW.h">
      <Filter>Header Files</Filter>
    </ClInclude>
    <ClInclude Include="TextViewBase.h">
      <Filter>Header Files</Filter>
    </ClInclude>
    <ClInclude Include="CmpIterator.h">
      <Filter>Header Files</Filter>
    </ClInclude>
    <ClInclude Include="MnDataType.h">
      <Filter>Header Files</Filter>
    </ClInclude>
    <ClInclude Include="MnCursor.h">
      <Filter>Header Files</Filter>
    </ClInclude>
    <ClInclude Include="MnStaticResource.h">
      <Filter>Header Files</Filter>
    </ClInclude>
    <ClInclude Include="MnWhite.h">
      <Filter>Header Files</Filter>
    </ClInclude>
    <ClInclude Include="MnTextBoxApi.h">
      <Filter>Header Files</Filter>
    </ClInclude>
  </ItemGroup>
  <ItemGroup>
    <None Include="breamv.cur" />
  </ItemGroup>
</Project>